# THIS IS AN AUTOGENERATED FILE. DO NOT EDIT THIS FILE DIRECTLY.
# yarn lockfile v1


babel-plugin-root-import@^6.5.0:
  version "6.5.0"
  resolved "https://registry.yarnpkg.com/babel-plugin-root-import/-/babel-plugin-root-import-6.5.0.tgz#ac4016426b5d36c48127c73ad199fa72c9ff8817"
  integrity sha512-PTD8fPl4v1kwn01u9d4rgRavDs5Z+jv4qa4/y6iYtoSgM4/xmjwMqo66j5A/BTZQEMA6OV5iFgyZ1PIhroJqqg==
  dependencies:
    slash "^3.0.0"

slash@^3.0.0:
  version "3.0.0"
  resolved "https://registry.yarnpkg.com/slash/-/slash-3.0.0.tgz#6539be870c165adbd5240220dbe361f1bc4d4634"
  integrity sha512-g9Q1haeby36OSStwb4ntCGGGaKsaVSjQ68fBxoQcutl5fS1vuY18H3wSt3jFyFtrkx+Kz0V1G85A4MyAdDMi2Q==
